
Microsoft Visual Studio Solution File, Format Version 12.00
# Visual Studio Version 17
VisualStudioVersion = 17.0.31612.314
MinimumVisualStudioVersion = 10.0.40219.1
Project("{9A19103F-16F7-4668-BE54-9A1E7A4F7556}") = "KDBS", "KDBS\KDBS.csproj", "{F92CB049-EA9F-489B-9F57-E97BA9C77199}"
EndProject
Project("{FAE04EC0-301F-11D3-BF4B-00C04F79EFBC}") = "KDBSTest", "KDBSTest\KDBSTest.csproj", "{274E2E74-895A-4B98-A11A-7B337C450E5A}"
EndProject
Global
	GlobalSection(SolutionConfigurationPlatforms) = preSolution
		Debug|Any CPU = Debug|Any CPU
		Release|Any CPU = Release|Any CPU
	EndGlobalSection
	GlobalSection(ProjectConfigurationPlatforms) = postSolution
		{F92CB049-EA9F-489B-9F57-E97BA9C77199}.Debug|Any CPU.ActiveCfg = Debug|Any CPU
		{F92CB049-EA9F-489B-9F57-E97BA9C77199}.Debug|Any CPU.Build.0 = Debug|Any CPU
		{F92CB049-EA9F-489B-9F57-E97BA9C77199}.Release|Any CPU.ActiveCfg = Release|Any CPU
		{F92CB049-EA9F-489B-9F57-E97BA9C77199}.Release|Any CPU.Build.0 = Release|Any CPU
		{274E2E74-895A-4B98-A11A-7B337C450E5A}.Debug|Any CPU.ActiveCfg = Debug|Any CPU
		{274E2E74-895A-4B98-A11A-7B337C450E5A}.Debug|Any CPU.Build.0 = Debug|Any CPU
		{274E2E74-895A-4B98-A11A-7B337C450E5A}.Release|Any CPU.ActiveCfg = Release|Any CPU
		{274E2E74-895A-4B98-A11A-7B337C450E5A}.Release|Any CPU.Build.0 = Release|Any CPU
	EndGlobalSection
	GlobalSection(SolutionProperties) = preSolution
		HideSolutionNode = FALSE
	EndGlobalSection
	GlobalSection(ExtensibilityGlobals) = postSolution
		SolutionGuid = {DEAC24A8-A5CB-456F-AB0A-DD5152DB51A1}
	EndGlobalSection
EndGlobal
